{
  "name": "ninjagoat-auth",
  "version": "3.0.0",
  "lockfileVersion": 1,
  "requires": true,
  "dependencies": {
    "@types/auth0-js": {
      "version": "8.6.4",
      "resolved": "http://tierra-npm-repository:4873/@types%2fauth0-js/-/auth0-js-8.6.4.tgz",
      "integrity": "sha512-Cv9qXXwq1GSUuPS4luJRmuNpT5GTpNNppIMaU7mN9rZ+o/hr/SIjjntS+/EXymE6puwODCHGBzOLZfEuS4kg2Q==",
      "dev": true
    },
    "@types/expect.js": {
      "version": "0.3.29",
      "resolved": "http://tierra-npm-repository:4873/@types%2fexpect.js/-/expect.js-0.3.29.tgz",
      "integrity": "sha1-KN01kVW4S47LCUr8P0t0wyItyjs=",
      "dev": true
    },
    "@types/history": {
      "version": "2.0.49",
      "resolved": "http://tierra-npm-repository:4873/@types%2fhistory/-/history-2.0.49.tgz",
      "integrity": "sha512-P/aCyGbdBY4ysn7F6M168Op8wefgv69rvidNRsLmQwWVQ7D3Vlr7APIq46CxzSA9vB1GIgV97ToZxLJ/s4hXnA==",
      "dev": true
    },
    "@types/lodash": {
      "version": "4.14.93",
      "resolved": "http://tierra-npm-repository:4873/@types%2flodash/-/lodash-4.14.93.tgz",
      "integrity": "sha512-xI9Il9Fqxse5hSh6bVwowEC5RXyEVJ2hssRJXANU70H/+NlirvsNi87JjvGMxtn6yTemyUPkkzSl9SCKFW4U3g==",
      "dev": true
    },
    "@types/mocha": {
      "version": "2.2.46",
      "resolved": "http://tierra-npm-repository:4873/@types%2fmocha/-/mocha-2.2.46.tgz",
      "integrity": "sha512-fwTTP5QLf4xHMkv7ovcKvmlLWX3GrxCa5DRQDOilVyYGCp+arZTAQJCy7/4GKezzYJjfWMpB/Cy4e8nrc9XioA==",
      "dev": true
    },
    "@types/node": {
      "version": "6.0.96",
      "resolved": "http://tierra-npm-repository:4873/@types%2fnode/-/node-6.0.96.tgz",
      "integrity": "sha512-fsOOY6tMQ3jCB2wD51XFDmmpgm4wVKkJECdcVRqapbJEa7awJDcr+SaH8toz+4r4KW8YQ3M7ybXMoSDo1QGewA==",
      "dev": true
    },
    "@types/qs": {
      "version": "6.2.31",
      "resolved": "http://tierra-npm-repository:4873/@types%2fqs/-/qs-6.2.31.tgz",
      "integrity": "sha1-fZKb2Hf5zT7OZBXGArfPmwdxM/E=",
      "dev": true
    },
    "@types/react": {
      "version": "16.0.0",
      "resolved": "http://tierra-npm-repository:4873/@types%2freact/-/react-16.0.0.tgz",
      "integrity": "sha512-lmu8zYXNhkZrIAgFgJK2/tGNXfdL//tKbtDEeph+doEAsBm+C2vnD+mAkR17bumu9K8ivYufySkkX4vrq9L8Sw==",
      "dev": true
    },
    "@types/react-dom": {
      "version": "16.0.0",
      "resolved": "http://tierra-npm-repository:4873/@types%2freact-dom/-/react-dom-16.0.0.tgz",
      "integrity": "sha512-jSddgUWWZmMkU1ULfFg1nrxmK5Isun1D/AxlgsYh68tP7jIG7xOWiRzStRdn7AFXigu3deyeHdchd4aQRUk9DQ==",
      "dev": true,
      "requires": {
        "@types/node": "6.0.96",
        "@types/react": "16.0.0"
      }
    },
    "@types/react-router": {
      "version": "3.0.13",
      "resolved": "http://tierra-npm-repository:4873/@types%2freact-router/-/react-router-3.0.13.tgz",
      "integrity": "sha512-yPIa3UH7C03M73Va24EMenQIHJfLmm1HrecnBbK9kdMZqkDwwCfZZe+TR0aZ2O3YBDRZtF9ahQFmXqxC3USTaA==",
      "dev": true,
      "requires": {
        "@types/history": "3.2.2",
        "@types/react": "16.0.0"
      },
      "dependencies": {
        "@types/history": {
          "version": "3.2.2",
          "resolved": "http://tierra-npm-repository:4873/@types%2fhistory/-/history-3.2.2.tgz",
          "integrity": "sha512-DMvBzeA2dp1uZZftXkoqPC4TrdHlyuuTabCOxHY6EAKOJRMaPVu8b6lvX0QxEGKZq3cK/h3JCSxgfKmbDOYmRw==",
          "dev": true
        }
      }
    },
    "@types/sinon": {
      "version": "1.16.36",
      "resolved": "http://tierra-npm-repository:4873/@types%2fsinon/-/sinon-1.16.36.tgz",
      "integrity": "sha1-dLtu15KFl8Gz+xsAkAXpTcbq41c=",
      "dev": true
    },
    "asap": {
      "version": "2.0.6",
      "resolved": "http://tierra-npm-repository:4873/asap/-/asap-2.0.6.tgz",
      "integrity": "sha1-5QNHYR1+aQlDIIu9r+vLwvuGbUY="
    },
    "asynckit": {
      "version": "0.4.0",
      "resolved": "http://tierra-npm-repository:4873/asynckit/-/asynckit-0.4.0.tgz",
      "integrity": "sha1-x57Zf380y48robyXkLzDZkdLS3k="
    },
    "auth0-js": {
      "version": "8.7.0",
      "resolved": "http://tierra-npm-repository:4873/auth0-js/-/auth0-js-8.7.0.tgz",
      "integrity": "sha1-Z5vxjFdKVATkbwXazK2rpMb3dOs=",
      "requires": {
        "base64-js": "1.2.1",
        "idtoken-verifier": "1.1.1",
        "qs": "6.4.0",
        "superagent": "3.8.2",
        "url-join": "1.1.0",
        "winchan": "0.2.0"
      }
    },
    "base64-js": {
      "version": "1.2.1",
      "resolved": "http://tierra-npm-repository:4873/base64-js/-/base64-js-1.2.1.tgz",
      "integrity": "sha512-dwVUVIXsBZXwTuwnXI9RK8sBmgq09NDHzyR9SAph9eqk76gKK2JSQmZARC2zRC81JC2QTtxD0ARU5qTS25gIGw=="
    },
    "combined-stream": {
      "version": "1.0.5",
      "resolved": "http://tierra-npm-repository:4873/combined-stream/-/combined-stream-1.0.5.tgz",
      "integrity": "sha1-k4NwpXtKUd6ix3wV1cX9+JUWQAk=",
      "requires": {
        "delayed-stream": "1.0.0"
      }
    },
    "component-emitter": {
      "version": "1.2.1",
      "resolved": "http://tierra-npm-repository:4873/component-emitter/-/component-emitter-1.2.1.tgz",
      "integrity": "sha1-E3kY1teCg/ffemt8WmPhQOaUJeY="
    },
    "cookiejar": {
      "version": "2.1.1",
      "resolved": "http://tierra-npm-repository:4873/cookiejar/-/cookiejar-2.1.1.tgz",
      "integrity": "sha1-Qa1XsbVVlR7BcUEqgZQrHoIA00o="
    },
    "core-js": {
      "version": "1.2.7",
      "resolved": "http://tierra-npm-repository:4873/core-js/-/core-js-1.2.7.tgz",
      "integrity": "sha1-ZSKUwUZR2yj6k70tX/KYOk8IxjY="
    },
    "core-util-is": {
      "version": "1.0.2",
      "resolved": "http://tierra-npm-repository:4873/core-util-is/-/core-util-is-1.0.2.tgz",
      "integrity": "sha1-tf1UIgqivFq1eqtxQMlAdUUDwac="
    },
    "create-react-class": {
      "version": "15.6.2",
      "resolved": "http://tierra-npm-repository:4873/create-react-class/-/create-react-class-15.6.2.tgz",
      "integrity": "sha1-zx7RXxKq1/FO9fLf4F5sQvke8Co=",
      "requires": {
        "fbjs": "0.8.16",
        "loose-envify": "1.3.1",
        "object-assign": "4.1.1"
      }
    },
    "crypto-js": {
      "version": "3.1.9-1",
      "resolved": "http://tierra-npm-repository:4873/crypto-js/-/crypto-js-3.1.9-1.tgz",
      "integrity": "sha1-/aGedh/Ad+Af+/3G6f38WeiAbNg="
    },
    "debug": {
      "version": "3.1.0",
      "resolved": "http://tierra-npm-repository:4873/debug/-/debug-3.1.0.tgz",
      "integrity": "sha512-OX8XqP7/1a9cqkxYw2yXss15f26NKWBpDXQd0/uK/KPqdQhxbPa994hnzjcE2VqQpDslf55723cKPUOGSmMY3g==",
      "requires": {
        "ms": "2.0.0"
      }
    },
    "delayed-stream": {
      "version": "1.0.0",
      "resolved": "http://tierra-npm-repository:4873/delayed-stream/-/delayed-stream-1.0.0.tgz",
      "integrity": "sha1-3zrhmayt+31ECqrgsp4icrJOxhk="
    },
    "encoding": {
      "version": "0.1.12",
      "resolved": "http://tierra-npm-repository:4873/encoding/-/encoding-0.1.12.tgz",
      "integrity": "sha1-U4tm8+5izRq1HsMjgp0flIDHS+s=",
      "requires": {
        "iconv-lite": "0.4.19"
      }
    },
    "expect.js": {
      "version": "0.3.1",
      "resolved": "http://tierra-npm-repository:4873/expect.js/-/expect.js-0.3.1.tgz",
      "integrity": "sha1-sKWaDS7/VDdUTr8M6qYBWEHQm1s=",
      "dev": true
    },
    "extend": {
      "version": "3.0.1",
      "resolved": "http://tierra-npm-repository:4873/extend/-/extend-3.0.1.tgz",
      "integrity": "sha1-p1Xqe8Gt/MWjHOfnYtuq3F5jZEQ="
    },
    "fbjs": {
      "version": "0.8.16",
      "resolved": "http://tierra-npm-repository:4873/fbjs/-/fbjs-0.8.16.tgz",
      "integrity": "sha1-XmdDL1UNxBtXK/VYR7ispk5TN9s=",
      "requires": {
        "core-js": "1.2.7",
        "isomorphic-fetch": "2.2.1",
        "loose-envify": "1.3.1",
        "object-assign": "4.1.1",
        "promise": "7.3.1",
        "setimmediate": "1.0.5",
        "ua-parser-js": "0.7.17"
      }
    },
    "form-data": {
      "version": "2.3.1",
      "resolved": "http://tierra-npm-repository:4873/form-data/-/form-data-2.3.1.tgz",
      "integrity": "sha1-b7lPvXGIUwbXPRXMSX/kzE7NRL8=",
      "requires": {
        "asynckit": "0.4.0",
        "combined-stream": "1.0.5",
        "mime-types": "2.1.17"
      }
    },
    "formidable": {
      "version": "1.1.1",
      "resolved": "http://tierra-npm-repository:4873/formidable/-/formidable-1.1.1.tgz",
      "integrity": "sha1-lriIb3w8NQi5Mta9cMTTqI818ak="
    },
    "history": {
      "version": "3.3.0",
      "resolved": "http://tierra-npm-repository:4873/history/-/history-3.3.0.tgz",
      "integrity": "sha1-/O3M6PEpdTcVRdc1RhAzV5ptrpw=",
      "requires": {
        "invariant": "2.2.2",
        "loose-envify": "1.3.1",
        "query-string": "4.3.4",
        "warning": "3.0.0"
      }
    },
    "hoist-non-react-statics": {
      "version": "1.2.0",
      "resolved": "http://tierra-npm-repository:4873/hoist-non-react-statics/-/hoist-non-react-statics-1.2.0.tgz",
      "integrity": "sha1-qkSM8JhtVcxAdzsXF0t90GbLfPs="
    },
    "iconv-lite": {
      "version": "0.4.19",
      "resolved": "http://tierra-npm-repository:4873/iconv-lite/-/iconv-lite-0.4.19.tgz",
      "integrity": "sha512-oTZqweIP51xaGPI4uPa56/Pri/480R+mo7SeU+YETByQNhDG55ycFyNLIgta9vXhILrxXDmF7ZGhqZIcuN0gJQ=="
    },
    "idtoken-verifier": {
      "version": "1.1.1",
      "resolved": "http://tierra-npm-repository:4873/idtoken-verifier/-/idtoken-verifier-1.1.1.tgz",
      "integrity": "sha512-G4pyuWg4hDV4V4n354OqfsQ6xfLUka8MCBKzhlDr8IyztfcZBRhZdt8TrHB5Ps+8wbdp7v+Q6CFYBA6/LfAYyA==",
      "requires": {
        "base64-js": "1.2.1",
        "crypto-js": "3.1.9-1",
        "jsbn": "0.1.1",
        "superagent": "3.8.2",
        "url-join": "1.1.0"
      }
    },
    "inherits": {
      "version": "2.0.3",
      "resolved": "http://tierra-npm-repository:4873/inherits/-/inherits-2.0.3.tgz",
      "integrity": "sha1-Yzwsg+PaQqUC9SRmAiSA9CCCYd4="
    },
    "invariant": {
      "version": "2.2.2",
      "resolved": "http://tierra-npm-repository:4873/invariant/-/invariant-2.2.2.tgz",
      "integrity": "sha1-nh9WrArNtr8wMwbzOL47IErmA2A=",
      "requires": {
        "loose-envify": "1.3.1"
      }
    },
    "inversify": {
      "version": "4.9.0",
      "resolved": "http://tierra-npm-repository:4873/inversify/-/inversify-4.9.0.tgz",
      "integrity": "sha512-YZWIlldCJohgw5/VFOyONH//Q99P0CNdDXc2baEWX2YnwJDjfJi2CAeXXMUY0RcgX4DfKZ1A3I3WJPK++5QIBw=="
    },
    "is-stream": {
      "version": "1.1.0",
      "resolved": "http://tierra-npm-repository:4873/is-stream/-/is-stream-1.1.0.tgz",
      "integrity": "sha1-EtSj3U5o4Lec6428hBc66A2RykQ="
    },
    "isarray": {
      "version": "1.0.0",
      "resolved": "http://tierra-npm-repository:4873/isarray/-/isarray-1.0.0.tgz",
      "integrity": "sha1-u5NdSFgsuhaMBoNJV6VKPgcSTxE="
    },
    "isomorphic-fetch": {
      "version": "2.2.1",
      "resolved": "http://tierra-npm-repository:4873/isomorphic-fetch/-/isomorphic-fetch-2.2.1.tgz",
      "integrity": "sha1-YRrhrPFPXoH3KVB0coGf6XM1WKk=",
      "requires": {
        "node-fetch": "1.7.3",
        "whatwg-fetch": "2.0.3"
      }
    },
    "js-tokens": {
      "version": "3.0.2",
      "resolved": "http://tierra-npm-repository:4873/js-tokens/-/js-tokens-3.0.2.tgz",
      "integrity": "sha1-mGbfOVECEw449/mWvOtlRDIJwls="
    },
    "jsbn": {
      "version": "0.1.1",
      "resolved": "http://tierra-npm-repository:4873/jsbn/-/jsbn-0.1.1.tgz",
      "integrity": "sha1-peZUwuWi3rXyAdls77yoDA7y9RM="
    },
    "lodash": {
      "version": "4.10.0",
      "resolved": "http://tierra-npm-repository:4873/lodash/-/lodash-4.10.0.tgz",
      "integrity": "sha1-PY86x6WpBP2wHiz+FAGHm/llLGo="
    },
    "loose-envify": {
      "version": "1.3.1",
      "resolved": "http://tierra-npm-repository:4873/loose-envify/-/loose-envify-1.3.1.tgz",
      "integrity": "sha1-0aitM/qc4OcT1l/dCsi3SNR4yEg=",
      "requires": {
        "js-tokens": "3.0.2"
      }
    },
    "methods": {
      "version": "1.1.2",
      "resolved": "http://tierra-npm-repository:4873/methods/-/methods-1.1.2.tgz",
      "integrity": "sha1-VSmk1nZUE07cxSZmVoNbD4Ua/O4="
    },
    "mime": {
      "version": "1.6.0",
      "resolved": "http://tierra-npm-repository:4873/mime/-/mime-1.6.0.tgz",
      "integrity": "sha512-x0Vn8spI+wuJ1O6S7gnbaQg8Pxh4NNHb7KSINmEWKiPE4RKOplvijn+NkmYmmRgP68mc70j2EbeTFRsrswaQeg=="
    },
    "mime-db": {
      "version": "1.30.0",
      "resolved": "http://tierra-npm-repository:4873/mime-db/-/mime-db-1.30.0.tgz",
      "integrity": "sha1-dMZD2i3Z1qRTmZY0ZbJtXKfXHwE="
    },
    "mime-types": {
      "version": "2.1.17",
      "resolved": "http://tierra-npm-repository:4873/mime-types/-/mime-types-2.1.17.tgz",
      "integrity": "sha1-Cdejk/A+mVp5+K+Fe3Cp4KsWVXo=",
      "requires": {
        "mime-db": "1.30.0"
      }
    },
    "ms": {
      "version": "2.0.0",
      "resolved": "http://tierra-npm-repository:4873/ms/-/ms-2.0.0.tgz",
      "integrity": "sha1-VgiurfwAvmwpAd9fmGF4jeDVl8g="
    },
    "node-fetch": {
      "version": "1.7.3",
      "resolved": "http://tierra-npm-repository:4873/node-fetch/-/node-fetch-1.7.3.tgz",
      "integrity": "sha512-NhZ4CsKx7cYm2vSrBAr2PvFOe6sWDf0UYLRqA6svUYg7+/TSfVAu49jYC4BvQ4Sms9SZgdqGBgroqfDhJdTyKQ==",
      "requires": {
        "encoding": "0.1.12",
        "is-stream": "1.1.0"
      }
    },
    "object-assign": {
      "version": "4.1.1",
      "resolved": "http://tierra-npm-repository:4873/object-assign/-/object-assign-4.1.1.tgz",
      "integrity": "sha1-IQmtx5ZYh8/AXLvUQsrIv7s2CGM="
    },
    "process-nextick-args": {
      "version": "1.0.7",
      "resolved": "http://tierra-npm-repository:4873/process-nextick-args/-/process-nextick-args-1.0.7.tgz",
      "integrity": "sha1-FQ4gt1ZZCtP5EJPyWk8q2L/zC6M="
    },
    "promise": {
      "version": "7.3.1",
      "resolved": "http://tierra-npm-repository:4873/promise/-/promise-7.3.1.tgz",
      "integrity": "sha512-nolQXZ/4L+bP/UGlkfaIujX9BKxGwmQ9OT4mOt5yvy8iK1h3wqTEJCijzGANTCCl9nWjY41juyAn2K3Q1hLLTg==",
      "requires": {
        "asap": "2.0.6"
      }
    },
    "prop-types": {
      "version": "15.6.0",
      "resolved": "http://tierra-npm-repository:4873/prop-types/-/prop-types-15.6.0.tgz",
      "integrity": "sha1-zq8IMCL8RrSjX2nhPvda7Q1jmFY=",
      "requires": {
        "fbjs": "0.8.16",
        "loose-envify": "1.3.1",
        "object-assign": "4.1.1"
      }
    },
    "qs": {
      "version": "6.4.0",
      "resolved": "http://tierra-npm-repository:4873/qs/-/qs-6.4.0.tgz",
      "integrity": "sha1-E+JtKK1rD/qpExLNO/cI7TUecjM="
    },
    "query-string": {
      "version": "4.3.4",
      "resolved": "http://tierra-npm-repository:4873/query-string/-/query-string-4.3.4.tgz",
      "integrity": "sha1-u7aTucqRXCMlFbIosaArYJBD2+s=",
      "requires": {
        "object-assign": "4.1.1",
        "strict-uri-encode": "1.1.0"
      }
    },
    "react": {
      "version": "16.2.0",
      "resolved": "http://tierra-npm-repository:4873/react/-/react-16.2.0.tgz",
      "integrity": "sha512-ZmIomM7EE1DvPEnSFAHZn9Vs9zJl5A9H7el0EGTE6ZbW9FKe/14IYAlPbC8iH25YarEQxZL+E8VW7Mi7kfQrDQ==",
      "requires": {
        "fbjs": "0.8.16",
        "loose-envify": "1.3.1",
        "object-assign": "4.1.1",
        "prop-types": "15.6.0"
      }
    },
    "react-dom": {
      "version": "16.2.0",
      "resolved": "http://tierra-npm-repository:4873/react-dom/-/react-dom-16.2.0.tgz",
      "integrity": "sha512-zpGAdwHVn9K0091d+hr+R0qrjoJ84cIBFL2uU60KvWBPfZ7LPSrfqviTxGHWN0sjPZb2hxWzMexwrvJdKePvjg==",
      "requires": {
        "fbjs": "0.8.16",
        "loose-envify": "1.3.1",
        "object-assign": "4.1.1",
        "prop-types": "15.6.0"
      }
    },
    "react-router": {
      "version": "3.2.0",
      "resolved": "http://tierra-npm-repository:4873/react-router/-/react-router-3.2.0.tgz",
      "integrity": "sha512-sXlLOg0TRCqnjCVskqBHGjzNjcJKUqXEKnDSuxMYJSPJNq9hROE9VsiIW2kfIq7Ev+20Iz0nxayekXyv0XNmsg==",
      "requires": {
        "create-react-class": "15.6.2",
        "history": "3.3.0",
        "hoist-non-react-statics": "1.2.0",
        "invariant": "2.2.2",
        "loose-envify": "1.3.1",
        "prop-types": "15.6.0",
        "warning": "3.0.0"
      }
    },
    "readable-stream": {
      "version": "2.3.3",
      "resolved": "http://tierra-npm-repository:4873/readable-stream/-/readable-stream-2.3.3.tgz",
      "integrity": "sha512-m+qzzcn7KUxEmd1gMbchF+Y2eIUbieUaxkWtptyHywrX0rE8QEYqPC07Vuy4Wm32/xE16NcdBctb8S0Xe/5IeQ==",
      "requires": {
        "core-util-is": "1.0.2",
        "inherits": "2.0.3",
        "isarray": "1.0.0",
        "process-nextick-args": "1.0.7",
        "safe-buffer": "5.1.1",
        "string_decoder": "1.0.3",
        "util-deprecate": "1.0.2"
      }
    },
    "reflect-metadata": {
      "version": "0.1.8",
      "resolved": "http://tierra-npm-repository:4873/reflect-metadata/-/reflect-metadata-0.1.8.tgz",
      "integrity": "sha1-ckJtVwtgd242iJaL1auVN6Fc7PY="
    },
    "rx": {
      "version": "4.1.0",
      "resolved": "http://tierra-npm-repository:4873/rx/-/rx-4.1.0.tgz",
      "integrity": "sha1-pfE/957zt0D+MKqAP7CfmIBdR4I="
    },
    "safe-buffer": {
      "version": "5.1.1",
      "resolved": "http://tierra-npm-repository:4873/safe-buffer/-/safe-buffer-5.1.1.tgz",
      "integrity": "sha512-kKvNJn6Mm93gAczWVJg7wH+wGYWNrDHdWvpUmHyEsgCtIwwo3bqPtV4tR5tuPaUhTOo/kvhVwd8XwwOllGYkbg=="
    },
    "setimmediate": {
      "version": "1.0.5",
      "resolved": "http://tierra-npm-repository:4873/setimmediate/-/setimmediate-1.0.5.tgz",
      "integrity": "sha1-KQy7Iy4waULX1+qbg3Mqt4VvgoU="
    },
    "strict-uri-encode": {
      "version": "1.1.0",
      "resolved": "http://tierra-npm-repository:4873/strict-uri-encode/-/strict-uri-encode-1.1.0.tgz",
      "integrity": "sha1-J5siXfHVgrH1TmWt3UNS4Y+qBxM="
    },
    "string_decoder": {
      "version": "1.0.3",
      "resolved": "http://tierra-npm-repository:4873/string_decoder/-/string_decoder-1.0.3.tgz",
      "integrity": "sha512-4AH6Z5fzNNBcH+6XDMfA/BTt87skxqJlO0lAh3Dker5zThcAxG6mKz+iGu308UKoPPQ8Dcqx/4JhujzltRa+hQ==",
      "requires": {
        "safe-buffer": "5.1.1"
      }
    },
    "superagent": {
      "version": "3.8.2",
      "resolved": "http://tierra-npm-repository:4873/superagent/-/superagent-3.8.2.tgz",
      "integrity": "sha512-gVH4QfYHcY3P0f/BZzavLreHW3T1v7hG9B+hpMQotGQqurOvhv87GcMCd6LWySmBuf+BDR44TQd0aISjVHLeNQ==",
      "requires": {
        "component-emitter": "1.2.1",
        "cookiejar": "2.1.1",
        "debug": "3.1.0",
        "extend": "3.0.1",
        "form-data": "2.3.1",
        "formidable": "1.1.1",
        "methods": "1.1.2",
        "mime": "1.6.0",
        "qs": "6.5.1",
        "readable-stream": "2.3.3"
      },
      "dependencies": {
        "qs": {
          "version": "6.5.1",
          "resolved": "http://tierra-npm-repository:4873/qs/-/qs-6.5.1.tgz",
          "integrity": "sha512-eRzhrN1WSINYCDCbrz796z37LOe3m5tmW7RQf6oBntukAG1nmovJvhnwHHRMAfeoItc1m2Hk02WER2aQ/iqs+A=="
        }
      }
    },
    "typemoq": {
      "version": "0.2.0",
      "resolved": "http://tierra-npm-repository:4873/typemoq/-/typemoq-0.2.0.tgz",
      "integrity": "sha1-FcJwps8/4NA+NLHJ8YNZ2+Dsmd4=",
      "dev": true,
      "requires": {
        "underscore": "1.8.3"
      }
    },
    "ua-parser-js": {
      "version": "0.7.17",
      "resolved": "http://tierra-npm-repository:4873/ua-parser-js/-/ua-parser-js-0.7.17.tgz",
      "integrity": "sha512-uRdSdu1oA1rncCQL7sCj8vSyZkgtL7faaw9Tc9rZ3mGgraQ7+Pdx7w5mnOSF3gw9ZNG6oc+KXfkon3bKuROm0g=="
    },
    "underscore": {
      "version": "1.8.3",
      "resolved": "http://tierra-npm-repository:4873/underscore/-/underscore-1.8.3.tgz",
      "integrity": "sha1-Tz+1OxBuYJf8+ctBCfKl6b36UCI=",
      "dev": true
    },
    "url-join": {
      "version": "1.1.0",
      "resolved": "http://tierra-npm-repository:4873/url-join/-/url-join-1.1.0.tgz",
      "integrity": "sha1-dBxsL0WWxIMNZxhGCSDQySIC3Hg="
    },
    "util-deprecate": {
      "version": "1.0.2",
      "resolved": "http://tierra-npm-repository:4873/util-deprecate/-/util-deprecate-1.0.2.tgz",
      "integrity": "sha1-RQ1Nyfpw3nMnYvvS1KKJgUGaDM8="
    },
    "warning": {
      "version": "3.0.0",
      "resolved": "http://tierra-npm-repository:4873/warning/-/warning-3.0.0.tgz",
      "integrity": "sha1-MuU3fLVy3kqwR1O9+IIcAe1gW3w=",
      "requires": {
        "loose-envify": "1.3.1"
      }
    },
    "whatwg-fetch": {
      "version": "2.0.3",
      "resolved": "http://tierra-npm-repository:4873/whatwg-fetch/-/whatwg-fetch-2.0.3.tgz",
      "integrity": "sha1-nITsLc9oGH/wC8ZOEnS0QhduHIQ="
    },
    "winchan": {
      "version": "0.2.0",
      "resolved": "http://tierra-npm-repository:4873/winchan/-/winchan-0.2.0.tgz",
      "integrity": "sha1-OGMCjn+XSw2hQS8oQXukJJcqvZQ="
    }
  }
}
